{
  "version": 1,
  "dependencies": {
    ".NETCoreApp,Version=v3.1": {
      "coverlet.collector": {
        "type": "Direct",
        "requested": "[1.2.0, )",
        "resolved": "1.2.0",
        "contentHash": "ZB+EGXsVBIn8cew7D3S2c+rgIlokKv1dSwsXEoiFQaNXF/BSxp9Rlfz/jV1ehSWH5XpLitfRxFNW3ok7uPDOXA=="
      },
      "FluentAssertions": {
        "type": "Direct",
        "requested": "[5.10.3, )",
        "resolved": "5.10.3",
        "contentHash": "gVPEVp1hLVqcv+7Q2wiDf7kqCNn7+bQcQ0jbJ2mcRT6CeRoZl1tNkqvzSIhvekyldDptk77j1b03MXTTRIqqpg==",
        "dependencies": {
          "System.Configuration.ConfigurationManager": "4.4.0"
        }
      },
      "Grpc.AspNetCore": {
        "type": "Direct",
        "requested": "[2.32.0, )",
        "resolved": "2.32.0",
        "contentHash": "zagGlzqaSBTNYXOruEDjL/ka39EI6wB+4PFIwyipnAroBKZ10FNm8QNRGZhFJNGjJmfPTFbOP/NAkN/BAcOYjg==",
        "dependencies": {
          "Google.Protobuf": "3.13.0",
          "Grpc.AspNetCore.Server.ClientFactory": "2.32.0",
          "Grpc.Tools": "2.32.0"
        }
      },
      "Grpc.Net.Client": {
        "type": "Direct",
        "requested": "[2.32.0, )",
        "resolved": "2.32.0",
        "contentHash": "T4lKl51ahaSprLcgoZvgn8zYwh834DpaPnrDs6jBRdipL2NHIAC0rPeE7UyzDp/lzv4Xll2tw1u65Fg9ckvErg==",
        "dependencies": {
          "Grpc.Net.Common": "2.32.0",
          "Microsoft.Extensions.Logging.Abstractions": "3.0.3",
          "System.Diagnostics.DiagnosticSource": "4.5.1"
        }
      },
      "Grpc.Tools": {
        "type": "Direct",
        "requested": "[2.32.0, )",
        "resolved": "2.32.0",
        "contentHash": "phODsWXk5K0fnCxPA5r2sINMUusNnWnceFExqVI1CR2HhkdzECZjKMYtzUZRktNl1zUkBON0kR/JHK7xcBw0gA=="
      },
      "Microsoft.AspNetCore.TestHost": {
        "type": "Direct",
        "requested": "[3.1.3, )",
        "resolved": "3.1.3",
        "contentHash": "MLXehoSMt4uppQKUaXjz/H0oOhFXVzfHNN1Bdn/kQXm/BjonEVSc/NKACPq73c+s9lQ6vNn22YF3+mvlIAFfXA==",
        "dependencies": {
          "System.IO.Pipelines": "4.7.1"
        }
      },
      "Microsoft.NET.Test.Sdk": {
        "type": "Direct",
        "requested": "[16.5.0, )",
        "resolved": "16.5.0",
        "contentHash": "yHZOhVSPuGqgHi+KhHiAZqNY08avkQraXKvgKgDU8c/ztmGzw7gmukkv49EaTq6T3xmp4XroWk3gAlbJHMxl8w==",
        "dependencies": {
          "Microsoft.CodeCoverage": "16.5.0",
          "Microsoft.TestPlatform.TestHost": "16.5.0"
        }
      },
      "OpenTelemetry.Api": {
        "type": "Direct",
        "requested": "[0.7.0-beta.1, )",
        "resolved": "0.7.0-beta.1",
        "contentHash": "ncnZBbX+D3xcZb6xMQXtOnrbV+iQDvPq68wYYZLuQHcbx8gCPE24xl1MaC5vLCEXtqhFEtN+Auj0GPolgRzIEQ==",
        "dependencies": {
          "System.Diagnostics.DiagnosticSource": "[5.0.0-rc.2.20475.5]",
          "System.Reflection.Emit.Lightweight": "[4.7.0, 5.0.0)"
        }
      },
      "OpenTelemetry.Exporter.Jaeger": {
        "type": "Direct",
        "requested": "[0.7.0-beta.1, )",
        "resolved": "0.7.0-beta.1",
        "contentHash": "oYqrQmjedfW7k3h7oUZrCeqs+SSf+p3MbSLOSBQhlj7zjIKHwgsQzKf288+HaF5ng4T/JUU4hn5xb3uODz+A9g==",
        "dependencies": {
          "OpenTelemetry": "0.7.0-beta.1"
        }
      },
      "OpenTelemetry.Extensions.Hosting": {
        "type": "Direct",
        "requested": "[0.7.0-beta.1, )",
        "resolved": "0.7.0-beta.1",
        "contentHash": "Af1oIeu2eX0bQeq+cQIIgo63PsxoLyTGM9kbXJ3FoHv7by4MC2vCYtNaSP1CWR2Mc0SBTJYThV/OIELc6zucpw==",
        "dependencies": {
          "Microsoft.Extensions.Hosting.Abstractions": "[2.1.0, 5.0.0)",
          "OpenTelemetry": "0.7.0-beta.1"
        }
      },
      "OpenTelemetry.Instrumentation.AspNetCore": {
        "type": "Direct",
        "requested": "[0.7.0-beta.1, )",
        "resolved": "0.7.0-beta.1",
        "contentHash": "1ZSxT+4r4TvqG5Ivtp8ix31lxM5hMksWO4iyfmgjAwLcEDZL2hozXOEXhC9J+vSH7MG7rfCEGvgWydpTdLTGjA==",
        "dependencies": {
          "Microsoft.AspNetCore.Http.Abstractions": "[2.1.1, 5.0.0)",
          "Microsoft.AspNetCore.Http.Features": "[2.1.1, 5.0.0)",
          "OpenTelemetry": "0.7.0-beta.1"
        }
      },
      "SixLabors.ImageSharp": {
        "type": "Direct",
        "requested": "[1.0.0-beta0007, )",
        "resolved": "1.0.0-beta0007",
        "contentHash": "R7BMm1MPyE3n4kSmTrdhB6iQmIZmSjBhnHG8mYrfi9t5CmIIgXhmGHHLZTZHa17Ka4b5bhUUqssAVEHDlDqnuQ==",
        "dependencies": {
          "Microsoft.Net.Compilers.Toolset": "3.1.0",
          "SixLabors.Core": "1.0.0-beta0008",
          "System.Runtime.CompilerServices.Unsafe": "4.5.1"
        }
      },
      "xunit": {
        "type": "Direct",
        "requested": "[2.4.0, )",
        "resolved": "2.4.0",
        "contentHash": "NL00nGsDsyWc1CWxz5FXXjLpW9oFG18WJoTPCyhNv4KGP/e5iLJqAqgM1uaJZyQ6WaTtmWIy4yjYP3RdcaT7Vw==",
        "dependencies": {
          "xunit.analyzers": "0.10.0",
          "xunit.assert": "[2.4.0]",
          "xunit.core": "[2.4.0]"
        }
      },
      "xunit.runner.visualstudio": {
        "type": "Direct",
        "requested": "[2.4.0, )",
        "resolved": "2.4.0",
        "contentHash": "3eq5cGXbEJkqW9nwLuXwtxy9B5gMA8i7HW4rN63AhAvy5UvEcQbZnve23wx/oPrkyg/4CbfNhxkBezS0b1oUdQ==",
        "dependencies": {
          "Microsoft.NET.Test.Sdk": "15.0.0"
        }
      },
      "Google.Protobuf": {
        "type": "Transitive",
        "resolved": "3.13.0",
        "contentHash": "/6VgKCh0P59x/rYsBkCvkUanF0TeUYzwV9hzLIWgt23QRBaKHoxaaMkidEWhKibLR88c3PVCXyyrx9Xlb+Ne6w==",
        "dependencies": {
          "System.Memory": "4.5.2",
          "System.Runtime.CompilerServices.Unsafe": "4.5.2"
        }
      },
      "Grpc.AspNetCore.Server": {
        "type": "Transitive",
        "resolved": "2.32.0",
        "contentHash": "MqACagn1vkqVMdSqlPlVRWvKVtoNJIMETaKrJQN0nH3dpgKHiBxOw4IQGmBZV84+M05kaVFL+BambRCYUJ3Pug==",
        "dependencies": {
          "Grpc.Net.Common": "2.32.0"
        }
      },
      "Grpc.AspNetCore.Server.ClientFactory": {
        "type": "Transitive",
        "resolved": "2.32.0",
        "contentHash": "blc2JYWdXY88nMHqu9ctm50Gfp9o50rw5zK+CwqbPA/BXiAisW3Pylnp9CanK9f/vOLESI5yhmK+eI67nD64pQ==",
        "dependencies": {
          "Grpc.AspNetCore.Server": "2.32.0",
          "Grpc.Net.ClientFactory": "2.32.0"
        }
      },
      "Grpc.Core.Api": {
        "type": "Transitive",
        "resolved": "2.32.0",
        "contentHash": "t9H6P/oYA4ZQI4fWq4eEwq2GmMNqmOSRfz5+YIat7pQuFmz1hRC2Vq/fL9ZVV1mjd5kHqBlhupMdlsBOsaxeEw==",
        "dependencies": {
          "System.Memory": "4.5.3"
        }
      },
      "Grpc.Net.ClientFactory": {
        "type": "Transitive",
        "resolved": "2.32.0",
        "contentHash": "ixqSWxPK49P+5z6M2dDBHca0k+sXFe2KHHTJK3P+YXp6QOTHv5CHxNdaW8GrFF34Eh1FJ56Q2ADe383+FEAp6Q==",
        "dependencies": {
          "Grpc.Net.Client": "2.32.0",
          "Microsoft.Extensions.Http": "3.0.3"
        }
      },
      "Grpc.Net.Common": {
        "type": "Transitive",
        "resolved": "2.32.0",
        "contentHash": "vDsgy6fs+DlsylppjK9FBGTMMUe8vfAmaURV7ZTurM27itr8qBwymgqmwnVB2hcP1q35NqKx2NvPGe5S2IEnDw==",
        "dependencies": {
          "Grpc.Core.Api": "2.32.0"
        }
      },
      "Microsoft.AspNetCore.Http.Abstractions": {
        "type": "Transitive",
        "resolved": "2.1.1",
        "contentHash": "kQUEVOU4loc8CPSb2WoHFTESqwIa8Ik7ysCBfTwzHAd0moWovc9JQLmhDIHlYLjHbyexqZAlkq/FPRUZqokebw==",
        "dependencies": {
          "Microsoft.AspNetCore.Http.Features": "2.1.1",
          "System.Text.Encodings.Web": "4.5.0"
        }
      },
      "Microsoft.AspNetCore.Http.Features": {
        "type": "Transitive",
        "resolved": "2.1.1",
        "contentHash": "VklZ7hWgSvHBcDtwYYkdMdI/adlf7ebxTZ9kdzAhX+gUs5jSHE9mZlTamdgf9miSsxc1QjNazHXTDJdVPZKKTw==",
        "dependencies": {
          "Microsoft.Extensions.Primitives": "2.1.1"
        }
      },
      "Microsoft.CodeCoverage": {
        "type": "Transitive",
        "resolved": "16.5.0",
        "contentHash": "PM5YLtyN45EyUGePJpaNogndlaQPrMgQQXHKMhMESC6KfSVvt+j7+dxBi8NYC6X6dZVysf7ngwhSW3wwvPJRSQ=="
      },
      "Microsoft.CSharp": {
        "type": "Transitive",
        "resolved": "4.0.1",
        "contentHash": "17h8b5mXa87XYKrrVqdgZ38JefSUqLChUQpXgSnpzsM0nDOhE40FTeNWOJ/YmySGV6tG6T8+hjz6vxbknHJr6A==",
        "dependencies": {
          "System.Collections": "4.0.11",
          "System.Diagnostics.Debug": "4.0.11",
          "System.Dynamic.Runtime": "4.0.11",
          "System.Globalization": "4.0.11",
          "System.Linq": "4.1.0",
          "System.Linq.Expressions": "4.1.0",
          "System.ObjectModel": "4.0.12",
          "System.Reflection": "4.1.0",
          "System.Reflection.Extensions": "4.0.1",
          "System.Reflection.Primitives": "4.0.1",
          "System.Reflection.TypeExtensions": "4.1.0",
          "System.Resources.ResourceManager": "4.0.1",
          "System.Runtime": "4.1.0",
          "System.Runtime.Extensions": "4.1.0",
          "System.Runtime.InteropServices": "4.1.0",
          "System.Threading": "4.0.11"
        }
      },
      "Microsoft.Extensions.Configuration": {
        "type": "Transitive",
        "resolved": "3.0.3",
        "contentHash": "0F/MLd7yOSjhswQSFO6tkTREHxBffE/AS9gnvtx1jVFaKNdJPEj+2KOdREmYZ4Orpvf4nwXGwbRpX5SLlwIPEw==",
        "dependencies": {
          "Microsoft.Extensions.Configuration.Abstractions": "3.0.3"
        }
      },
      "Microsoft.Extensions.Configuration.Abstractions": {
        "type": "Transitive",
        "resolved": "3.0.3",
        "contentHash": "ND+ka7njp3HgVJCVn0YgpuxbFWBOCkcQaK+UBGJNseDhjz6I/qpXmCqLK+nXSzxU7cdscFWnUJS6wjEEEkMvSQ==",
        "dependencies": {
          "Microsoft.Extensions.Primitives": "3.0.3"
        }
      },
      "Microsoft.Extensions.Configuration.Binder": {
        "type": "Transitive",
        "resolved": "3.0.3",
        "contentHash": "hRmuReZgWqWqko4RXaGd/DP9L7380+HafHgbR5CMc7AZYmoLpUmeV8O8sgZqJONCbzg1q0Sz8U8Gy99eETpGPA==",
        "dependencies": {
          "Microsoft.Extensions.Configuration": "3.0.3"
        }
      },
      "Microsoft.Extensions.DependencyInjection": {
        "type": "Transitive",
        "resolved": "3.0.3",
        "contentHash": "Vu59TuHl3zoRI8vwK6gQL2EbWI2Qf/uBHFkSJXb4pgNvW7g8yK6Gn3v1bXDIKbMKEneTApriHfCVde0O314K+g==",
        "dependencies": {
          "Microsoft.Extensions.DependencyInjection.Abstractions": "3.0.3"
        }
      },
      "Microsoft.Extensions.DependencyInjection.Abstractions": {
        "type": "Transitive",
        "resolved": "3.0.3",
        "contentHash": "Wb1ejBzHhCvp7VMr+M7vlHoXb68mJ89IHj4L+TzL8yA+X7Iz2UTAEkl8aIbhRloroYJw5zvlIPtKF5uA4wFlxw=="
      },
      "Microsoft.Extensions.FileProviders.Abstractions": {
        "type": "Transitive",
        "resolved": "2.1.0",
        "contentHash": "itv+7XBu58pxi8mykxx9cUO1OOVYe0jmQIZVSZVp5lOcLxB7sSV2bnHiI1RSu6Nxne/s6+oBla3ON5CCMSmwhQ==",
        "dependencies": {
          "Microsoft.Extensions.Primitives": "2.1.0"
        }
      },
      "Microsoft.Extensions.Hosting.Abstractions": {
        "type": "Transitive",
        "resolved": "2.1.0",
        "contentHash": "BpMaoBxdXr5VD0yk7rYN6R8lAU9X9JbvsPveNdKT+llIn3J5s4sxpWqaSG/NnzTzTLU5eJE5nrecTl7clg/7dQ==",
        "dependencies": {
          "Microsoft.Extensions.Configuration.Abstractions": "2.1.0",
          "Microsoft.Extensions.DependencyInjection.Abstractions": "2.1.0",
          "Microsoft.Extensions.FileProviders.Abstractions": "2.1.0",
          "Microsoft.Extensions.Logging.Abstractions": "2.1.0"
        }
      },
      "Microsoft.Extensions.Http": {
        "type": "Transitive",
        "resolved": "3.0.3",
        "contentHash": "dcyB8szIcSynjVZRuFgqkZpPgTc5zeRSj1HMXSmNqWbHYKiPYJl8ZQgBHz6wmZNSUUNGpCs5uxUg8DZHHDC1Ew==",
        "dependencies": {
          "Microsoft.Extensions.DependencyInjection.Abstractions": "3.0.3",
          "Microsoft.Extensions.Logging": "3.0.3",
          "Microsoft.Extensions.Options": "3.0.3"
        }
      },
      "Microsoft.Extensions.Logging": {
        "type": "Transitive",
        "resolved": "3.0.3",
        "contentHash": "uAZppu6kWIgS+VtVjqmhh+k3bMztwWQR5HYxI++Cn5Kz5m099g0KJ+krUrckaZP9NqIplQu63tPR5YpNWnjLuw==",
        "dependencies": {
          "Microsoft.Extensions.Configuration.Binder": "3.0.3",
          "Microsoft.Extensions.DependencyInjection": "3.0.3",
          "Microsoft.Extensions.Logging.Abstractions": "3.0.3",
          "Microsoft.Extensions.Options": "3.0.3"
        }
      },
      "Microsoft.Extensions.Logging.Abstractions": {
        "type": "Transitive",
        "resolved": "3.0.3",
        "contentHash": "m2Jyi/MEn043WMI1I6J1ALuCThktZ93rd7eqzYeLmMcA0bdZC+TBVl0LuEbEWM01dWeeBjOoagjNwQTzOi2r6A=="
      },
      "Microsoft.Extensions.Logging.Configuration": {
        "type": "Transitive",
        "resolved": "2.1.0",
        "contentHash": "nMAcTACzW37zc3f7n5fIYsRDXtjjQA2U/kiE4xmuSLn7coCIeDfFTpUhJ+wG/3vwb5f1lFWNpyXGyQdlUCIXUw==",
        "dependencies": {
          "Microsoft.Extensions.Logging": "2.1.0",
          "Microsoft.Extensions.Options.ConfigurationExtensions": "2.1.0"
        }
      },
      "Microsoft.Extensions.Options": {
        "type": "Transitive",
        "resolved": "3.0.3",
        "contentHash": "cvP/w0kyT9TmrDPMY2ZHJBWx+gRH0jHKaJPkzN47UBpLLC4KbqVU5AoCMK47+ZChlINhqJX2WTflbLe5KufD/A==",
        "dependencies": {
          "Microsoft.Extensions.DependencyInjection.Abstractions": "3.0.3",
          "Microsoft.Extensions.Primitives": "3.0.3"
        }
      },
      "Microsoft.Extensions.Options.ConfigurationExtensions": {
        "type": "Transitive",
        "resolved": "2.1.0",
        "contentHash": "w/MP147fSqlIcCymaNpLbjdJsFVkSJM9Sz+jbWMr1gKMDVxoOS8AuFjJkVyKU/eydYxHIR/K1Hn3wisJBW5gSg==",
        "dependencies": {
          "Microsoft.Extensions.Configuration.Abstractions": "2.1.0",
          "Microsoft.Extensions.Configuration.Binder": "2.1.0",
          "Microsoft.Extensions.DependencyInjection.Abstractions": "2.1.0",
          "Microsoft.Extensions.Options": "2.1.0"
        }
      },
      "Microsoft.Extensions.Primitives": {
        "type": "Transitive",
        "resolved": "3.0.3",
        "contentHash": "eJuAFVIH9zUZ7j7tCSbJD+tS0dueENIerwoGxFL8RYqCmbEqQ7wVOG+mt2mZAbEpnMPsGl1Fc/HIhWpB9ftwhg=="
      },
      "Microsoft.Net.Compilers.Toolset": {
        "type": "Transitive",
        "resolved": "3.1.0",
        "contentHash": "/iwBIkmusIUlBrln8AbKpYIcSGnImCYUMFSC3QOpGuOmnle44w2ORyH8IFDi8rbQNKjDH9HBmtPML/kW3GuxyA=="
      },
      "Microsoft.NETCore.Platforms": {
        "type": "Transitive",
        "resolved": "1.0.1",
        "contentHash": "2G6OjjJzwBfNOO8myRV/nFrbTw5iA+DEm0N+qUqhrOmaVtn4pC77h38I1jsXGw5VH55+dPfQsqHD0We9sCl9FQ=="
      },
      "Microsoft.NETCore.Targets": {
        "type": "Transitive",
        "resolved": "1.0.1",
        "contentHash": "rkn+fKobF/cbWfnnfBOQHKVKIOpxMZBvlSHkqDWgBpwGDcLRduvs3D9OLGeV6GWGvVwNlVi2CBbTjuPmtHvyNw=="
      },
      "Microsoft.TestPlatform.ObjectModel": {
        "type": "Transitive",
        "resolved": "16.5.0",
        "contentHash": "NnLFxmFBCAS6kye2JFszD5WKgj4Zve5KX/R0mhYwh6BVnSeybI2unRnjEPtLyY3CAVhwrY4bh/8LNFtslAcGZg==",
        "dependencies": {
          "NuGet.Frameworks": "5.0.0"
        }
      },
      "Microsoft.TestPlatform.TestHost": {
        "type": "Transitive",
        "resolved": "16.5.0",
        "contentHash": "ytGymboQIvjNX5pLC0yp/Bz9sGDHqSnLQgBRtd4VrqOUgKmmcfxMYZ6p0TBZgAT1oijdC6xqUZ7rl8mbaaXTJw==",
        "dependencies": {
          "Microsoft.TestPlatform.ObjectModel": "16.5.0",
          "Newtonsoft.Json": "9.0.1"
        }
      },
      "Newtonsoft.Json": {
        "type": "Transitive",
        "resolved": "9.0.1",
        "contentHash": "U82mHQSKaIk+lpSVCbWYKNavmNH1i5xrExDEquU1i6I5pV6UMOqRnJRSlKO3cMPfcpp0RgDY+8jUXHdQ4IfXvw==",
        "dependencies": {
          "Microsoft.CSharp": "4.0.1",
          "System.Collections": "4.0.11",
          "System.Diagnostics.Debug": "4.0.11",
          "System.Dynamic.Runtime": "4.0.11",
          "System.Globalization": "4.0.11",
          "System.IO": "4.1.0",
          "System.Linq": "4.1.0",
          "System.Linq.Expressions": "4.1.0",
          "System.ObjectModel": "4.0.12",
          "System.Reflection": "4.1.0",
          "System.Reflection.Extensions": "4.0.1",
          "System.Resources.ResourceManager": "4.0.1",
          "System.Runtime": "4.1.0",
          "System.Runtime.Extensions": "4.1.0",
          "System.Runtime.Serialization.Primitives": "4.1.1",
          "System.Text.Encoding": "4.0.11",
          "System.Text.Encoding.Extensions": "4.0.11",
          "System.Text.RegularExpressions": "4.1.0",
          "System.Threading": "4.0.11",
          "System.Threading.Tasks": "4.0.11",
          "System.Xml.ReaderWriter": "4.0.11",
          "System.Xml.XDocument": "4.0.11"
        }
      },
      "NuGet.Frameworks": {
        "type": "Transitive",
        "resolved": "5.0.0",
        "contentHash": "c5JVjuVAm4f7E9Vj+v09Z9s2ZsqFDjBpcsyS3M9xRo0bEdm/LVZSzLxxNvfvAwRiiE8nwe1h2G4OwiwlzFKXlA=="
      },
      "OpenTelemetry": {
        "type": "Transitive",
        "resolved": "0.7.0-beta.1",
        "contentHash": "Eu11hECdEskbxoePkaEvooZVuh5LC4SRsAYX9prBFSjojvotVkZogFrHkhiz8EaSsaNXRGy2HWITQBphe9cupg==",
        "dependencies": {
          "Microsoft.Extensions.Logging": "[2.1.0, 6.0.0)",
          "Microsoft.Extensions.Logging.Configuration": "[2.1.0, 6.0.0)",
          "OpenTelemetry.Api": "0.7.0-beta.1",
          "System.Collections.Immutable": "[1.4.0, 5.0.0]",
          "System.Reflection.Emit.Lightweight": "[4.7.0, 5.0.0)"
        }
      },
      "SixLabors.Core": {
        "type": "Transitive",
        "resolved": "1.0.0-beta0008",
        "contentHash": "rrKPDN107tVOh+mUoNh+kHELa7WfYZREPPbYdiKJ3Rd6dex/UgDWDGBOjPJn4BBhmts/VGuaXMXyfT/BwiuH2g==",
        "dependencies": {
          "System.Runtime.CompilerServices.Unsafe": "4.5.1"
        }
      },
      "System.Collections": {
        "type": "Transitive",
        "resolved": "4.0.11",
        "contentHash": "YUJGz6eFKqS0V//mLt25vFGrrCvOnsXjlvFQs+KimpwNxug9x0Pzy4PlFMU3Q2IzqAa9G2L4LsK3+9vCBK7oTg==",
        "dependencies": {
          "Microsoft.NETCore.Platforms": "1.0.1",
          "Microsoft.NETCore.Targets": "1.0.1",
          "System.Runtime": "4.1.0"
        }
      },
      "System.Collections.Immutable": {
        "type": "Transitive",
        "resolved": "1.4.0",
        "contentHash": "71hw5RUJRu5+q/geUY69gpXD8Upd12cH+F3MwpXV2zle7Bqqkrmc1JblOTuvUcgmdnUtQvBlV5e1d6RH+H2lvA=="
      },
      "System.Configuration.ConfigurationManager": {
        "type": "Transitive",
        "resolved": "4.4.0",
        "contentHash": "gWwQv/Ug1qWJmHCmN17nAbxJYmQBM/E94QxKLksvUiiKB1Ld3Sc/eK1lgmbSjDFxkQhVuayI/cGFZhpBSodLrg==",
        "dependencies": {
          "System.Security.Cryptography.ProtectedData": "4.4.0"
        }
      },
      "System.Diagnostics.Debug": {
        "type": "Transitive",
        "resolved": "4.0.11",
        "contentHash": "w5U95fVKHY4G8ASs/K5iK3J5LY+/dLFd4vKejsnI/ZhBsWS9hQakfx3Zr7lRWKg4tAw9r4iktyvsTagWkqYCiw==",
        "dependencies": {
          "Microsoft.NETCore.Platforms": "1.0.1",
          "Microsoft.NETCore.Targets": "1.0.1",
          "System.Runtime": "4.1.0"
        }
      },
      "System.Diagnostics.DiagnosticSource": {
        "type": "Transitive",
        "resolved": "5.0.0-rc.2.20475.5",
        "contentHash": "Ya6Fu/JamWHwPdN+qK4YQs1jyXOYmEveq4WhdB+x/t7l5PSjpinx91OGjmi9iiUtzCQKHgRrWhXxvA2IDtvc/A=="
      },
      "System.Diagnostics.Tools": {
        "type": "Transitive",
        "resolved": "4.0.1",
        "contentHash": "xBfJ8pnd4C17dWaC9FM6aShzbJcRNMChUMD42I6772KGGrqaFdumwhn9OdM68erj1ueNo3xdQ1EwiFjK5k8p0g==",
        "dependencies": {
          "Microsoft.NETCore.Platforms": "1.0.1",
          "Microsoft.NETCore.Targets": "1.0.1",
          "System.Runtime": "4.1.0"
        }
      },
      "System.Dynamic.Runtime": {
        "type": "Transitive",
        "resolved": "4.0.11",
        "contentHash": "db34f6LHYM0U0JpE+sOmjar27BnqTVkbLJhgfwMpTdgTigG/Hna3m2MYVwnFzGGKnEJk2UXFuoVTr8WUbU91/A==",
        "dependencies": {
          "System.Collections": "4.0.11",
          "System.Diagnostics.Debug": "4.0.11",
          "System.Globalization": "4.0.11",
          "System.Linq": "4.1.0",
          "System.Linq.Expressions": "4.1.0",
          "System.ObjectModel": "4.0.12",
          "System.Reflection": "4.1.0",
          "System.Reflection.Emit": "4.0.1",
          "System.Reflection.Emit.ILGeneration": "4.0.1",
          "System.Reflection.Primitives": "4.0.1",
          "System.Reflection.TypeExtensions": "4.1.0",
          "System.Resources.ResourceManager": "4.0.1",
          "System.Runtime": "4.1.0",
          "System.Runtime.Extensions": "4.1.0",
          "System.Threading": "4.0.11"
        }
      },
      "System.Globalization": {
        "type": "Transitive",
        "resolved": "4.0.11",
        "contentHash": "B95h0YLEL2oSnwF/XjqSWKnwKOy/01VWkNlsCeMTFJLLabflpGV26nK164eRs5GiaRSBGpOxQ3pKoSnnyZN5pg==",
        "dependencies": {
          "Microsoft.NETCore.Platforms": "1.0.1",
          "Microsoft.NETCore.Targets": "1.0.1",
          "System.Runtime": "4.1.0"
        }
      },
      "System.IO": {
        "type": "Transitive",
        "resolved": "4.1.0",
        "contentHash": "3KlTJceQc3gnGIaHZ7UBZO26SHL1SHE4ddrmiwumFnId+CEHP+O8r386tZKaE6zlk5/mF8vifMBzHj9SaXN+mQ==",
        "dependencies": {
          "Microsoft.NETCore.Platforms": "1.0.1",
          "Microsoft.NETCore.Targets": "1.0.1",
          "System.Runtime": "4.1.0",
          "System.Text.Encoding": "4.0.11",
          "System.Threading.Tasks": "4.0.11"
        }
      },
      "System.IO.FileSystem": {
        "type": "Transitive",
        "resolved": "4.0.1",
        "contentHash": "IBErlVq5jOggAD69bg1t0pJcHaDbJbWNUZTPI96fkYWzwYbN6D9wRHMULLDd9dHsl7C2YsxXL31LMfPI1SWt8w==",
        "dependencies": {
          "Microsoft.NETCore.Platforms": "1.0.1",
          "Microsoft.NETCore.Targets": "1.0.1",
          "System.IO": "4.1.0",
          "System.IO.FileSystem.Primitives": "4.0.1",
          "System.Runtime": "4.1.0",
          "System.Runtime.Handles": "4.0.1",
          "System.Text.Encoding": "4.0.11",
          "System.Threading.Tasks": "4.0.11"
        }
      },
      "System.IO.FileSystem.Primitives": {
        "type": "Transitive",
        "resolved": "4.0.1",
        "contentHash": "kWkKD203JJKxJeE74p8aF8y4Qc9r9WQx4C0cHzHPrY3fv/L/IhWnyCHaFJ3H1QPOH6A93whlQ2vG5nHlBDvzWQ==",
        "dependencies": {
          "System.Runtime": "4.1.0"
        }
      },
      "System.IO.Pipelines": {
        "type": "Transitive",
        "resolved": "4.7.1",
        "contentHash": "TyMTasnXQt7U4k13RQ7tA3CrfWEkvWjR635SFfnKVwwMOgClLE5mdHSkG2D13BLIdNwbPTGVQnhQB8Rk7f53Rg=="
      },
      "System.Linq": {
        "type": "Transitive",
        "resolved": "4.1.0",
        "contentHash": "bQ0iYFOQI0nuTnt+NQADns6ucV4DUvMdwN6CbkB1yj8i7arTGiTN5eok1kQwdnnNWSDZfIUySQY+J3d5KjWn0g==",
        "dependencies": {
          "System.Collections": "4.0.11",
          "System.Diagnostics.Debug": "4.0.11",
          "System.Resources.ResourceManager": "4.0.1",
          "System.Runtime": "4.1.0",
          "System.Runtime.Extensions": "4.1.0"
        }
      },
      "System.Linq.Expressions": {
        "type": "Transitive",
        "resolved": "4.1.0",
        "contentHash": "I+y02iqkgmCAyfbqOmSDOgqdZQ5tTj80Akm5BPSS8EeB0VGWdy6X1KCoYe8Pk6pwDoAKZUOdLVxnTJcExiv5zw==",
        "dependencies": {
          "System.Collections": "4.0.11",
          "System.Diagnostics.Debug": "4.0.11",
          "System.Globalization": "4.0.11",
          "System.IO": "4.1.0",
          "System.Linq": "4.1.0",
          "System.ObjectModel": "4.0.12",
          "System.Reflection": "4.1.0",
          "System.Reflection.Emit": "4.0.1",
          "System.Reflection.Emit.ILGeneration": "4.0.1",
          "System.Reflection.Emit.Lightweight": "4.0.1",
          "System.Reflection.Extensions": "4.0.1",
          "System.Reflection.Primitives": "4.0.1",
          "System.Reflection.TypeExtensions": "4.1.0",
          "System.Resources.ResourceManager": "4.0.1",
          "System.Runtime": "4.1.0",
          "System.Runtime.Extensions": "4.1.0",
          "System.Threading": "4.0.11"
        }
      },
      "System.Memory": {
        "type": "Transitive",
        "resolved": "4.5.3",
        "contentHash": "3oDzvc/zzetpTKWMShs1AADwZjQ/36HnsufHRPcOjyRAAMLDlu2iD33MBI2opxnezcVUtXyqDXXjoFMOU9c7SA=="
      },
      "System.ObjectModel": {
        "type": "Transitive",
        "resolved": "4.0.12",
        "contentHash": "tAgJM1xt3ytyMoW4qn4wIqgJYm7L7TShRZG4+Q4Qsi2PCcj96pXN7nRywS9KkB3p/xDUjc2HSwP9SROyPYDYKQ==",
        "dependencies": {
          "System.Collections": "4.0.11",
          "System.Diagnostics.Debug": "4.0.11",
          "System.Resources.ResourceManager": "4.0.1",
          "System.Runtime": "4.1.0",
          "System.Threading": "4.0.11"
        }
      },
      "System.Reflection": {
        "type": "Transitive",
        "resolved": "4.1.0",
        "contentHash": "JCKANJ0TI7kzoQzuwB/OoJANy1Lg338B6+JVacPl4TpUwi3cReg3nMLplMq2uqYfHFQpKIlHAUVAJlImZz/4ng==",
        "dependencies": {
          "Microsoft.NETCore.Platforms": "1.0.1",
          "Microsoft.NETCore.Targets": "1.0.1",
          "System.IO": "4.1.0",
          "System.Reflection.Primitives": "4.0.1",
          "System.Runtime": "4.1.0"
        }
      },
      "System.Reflection.Emit": {
        "type": "Transitive",
        "resolved": "4.0.1",
        "contentHash": "P2wqAj72fFjpP6wb9nSfDqNBMab+2ovzSDzUZK7MVIm54tBJEPr9jWfSjjoTpPwj1LeKcmX3vr0ttyjSSFM47g==",
        "dependencies": {
          "System.IO": "4.1.0",
          "System.Reflection": "4.1.0",
          "System.Reflection.Emit.ILGeneration": "4.0.1",
          "System.Reflection.Primitives": "4.0.1",
          "System.Runtime": "4.1.0"
        }
      },
      "System.Reflection.Emit.ILGeneration": {
        "type": "Transitive",
        "resolved": "4.0.1",
        "contentHash": "Ov6dU8Bu15Bc7zuqttgHF12J5lwSWyTf1S+FJouUXVMSqImLZzYaQ+vRr1rQ0OZ0HqsrwWl4dsKHELckQkVpgA==",
        "dependencies": {
          "System.Reflection": "4.1.0",
          "System.Reflection.Primitives": "4.0.1",
          "System.Runtime": "4.1.0"
        }
      },
      "System.Reflection.Emit.Lightweight": {
        "type": "Transitive",
        "resolved": "4.7.0",
        "contentHash": "a4OLB4IITxAXJeV74MDx49Oq2+PsF6Sml54XAFv+2RyWwtDBcabzoxiiJRhdhx+gaohLh4hEGCLQyBozXoQPqA=="
      },
      "System.Reflection.Extensions": {
        "type": "Transitive",
        "resolved": "4.0.1",
        "contentHash": "GYrtRsZcMuHF3sbmRHfMYpvxZoIN2bQGrYGerUiWLEkqdEUQZhH3TRSaC/oI4wO0II1RKBPlpIa1TOMxIcOOzQ==",
        "dependencies": {
          "Microsoft.NETCore.Platforms": "1.0.1",
          "Microsoft.NETCore.Targets": "1.0.1",
          "System.Reflection": "4.1.0",
          "System.Runtime": "4.1.0"
        }
      },
      "System.Reflection.Primitives": {
        "type": "Transitive",
        "resolved": "4.0.1",
        "contentHash": "4inTox4wTBaDhB7V3mPvp9XlCbeGYWVEM9/fXALd52vNEAVisc1BoVWQPuUuD0Ga//dNbA/WeMy9u9mzLxGTHQ==",
        "dependencies": {
          "Microsoft.NETCore.Platforms": "1.0.1",
          "Microsoft.NETCore.Targets": "1.0.1",
          "System.Runtime": "4.1.0"
        }
      },
      "System.Reflection.TypeExtensions": {
        "type": "Transitive",
        "resolved": "4.1.0",
        "contentHash": "tsQ/ptQ3H5FYfON8lL4MxRk/8kFyE0A+tGPXmVP967cT/gzLHYxIejIYSxp4JmIeFHVP78g/F2FE1mUUTbDtrg==",
        "dependencies": {
          "System.Reflection": "4.1.0",
          "System.Runtime": "4.1.0"
        }
      },
      "System.Resources.ResourceManager": {
        "type": "Transitive",
        "resolved": "4.0.1",
        "contentHash": "TxwVeUNoTgUOdQ09gfTjvW411MF+w9MBYL7AtNVc+HtBCFlutPLhUCdZjNkjbhj3bNQWMdHboF0KIWEOjJssbA==",
        "dependencies": {
          "Microsoft.NETCore.Platforms": "1.0.1",
          "Microsoft.NETCore.Targets": "1.0.1",
          "System.Globalization": "4.0.11",
          "System.Reflection": "4.1.0",
          "System.Runtime": "4.1.0"
        }
      },
      "System.Runtime": {
        "type": "Transitive",
        "resolved": "4.1.0",
        "contentHash": "v6c/4Yaa9uWsq+JMhnOFewrYkgdNHNG2eMKuNqRn8P733rNXeRCGvV5FkkjBXn2dbVkPXOsO0xjsEeM1q2zC0g==",
        "dependencies": {
          "Microsoft.NETCore.Platforms": "1.0.1",
          "Microsoft.NETCore.Targets": "1.0.1"
        }
      },
      "System.Runtime.CompilerServices.Unsafe": {
        "type": "Transitive",
        "resolved": "4.5.2",
        "contentHash": "wprSFgext8cwqymChhrBLu62LMg/1u92bU+VOwyfBimSPVFXtsNqEWC92Pf9ofzJFlk4IHmJA75EDJn1b2goAQ=="
      },
      "System.Runtime.Extensions": {
        "type": "Transitive",
        "resolved": "4.1.0",
        "contentHash": "CUOHjTT/vgP0qGW22U4/hDlOqXmcPq5YicBaXdUR2UiUoLwBT+olO6we4DVbq57jeX5uXH2uerVZhf0qGj+sVQ==",
        "dependencies": {
          "Microsoft.NETCore.Platforms": "1.0.1",
          "Microsoft.NETCore.Targets": "1.0.1",
          "System.Runtime": "4.1.0"
        }
      },
      "System.Runtime.Handles": {
        "type": "Transitive",
        "resolved": "4.0.1",
        "contentHash": "nCJvEKguXEvk2ymk1gqj625vVnlK3/xdGzx0vOKicQkoquaTBJTP13AIYkocSUwHCLNBwUbXTqTWGDxBTWpt7g==",
        "dependencies": {
          "Microsoft.NETCore.Platforms": "1.0.1",
          "Microsoft.NETCore.Targets": "1.0.1",
          "System.Runtime": "4.1.0"
        }
      },
      "System.Runtime.InteropServices": {
        "type": "Transitive",
        "resolved": "4.1.0",
        "contentHash": "16eu3kjHS633yYdkjwShDHZLRNMKVi/s0bY8ODiqJ2RfMhDMAwxZaUaWVnZ2P71kr/or+X9o/xFWtNqz8ivieQ==",
        "dependencies": {
          "Microsoft.NETCore.Platforms": "1.0.1",
          "Microsoft.NETCore.Targets": "1.0.1",
          "System.Reflection": "4.1.0",
          "System.Reflection.Primitives": "4.0.1",
          "System.Runtime": "4.1.0",
          "System.Runtime.Handles": "4.0.1"
        }
      },
      "System.Runtime.Serialization.Primitives": {
        "type": "Transitive",
        "resolved": "4.1.1",
        "contentHash": "HZ6Du5QrTG8MNJbf4e4qMO3JRAkIboGT5Fk804uZtg3Gq516S7hAqTm2UZKUHa7/6HUGdVy3AqMQKbns06G/cg==",
        "dependencies": {
          "System.Resources.ResourceManager": "4.0.1",
          "System.Runtime": "4.1.0"
        }
      },
      "System.Security.Cryptography.ProtectedData": {
        "type": "Transitive",
        "resolved": "4.4.0",
        "contentHash": "cJV7ScGW7EhatRsjehfvvYVBvtiSMKgN8bOVI0bQhnF5bU7vnHVIsH49Kva7i7GWaWYvmEzkYVk1TC+gZYBEog=="
      },
      "System.Text.Encoding": {
        "type": "Transitive",
        "resolved": "4.0.11",
        "contentHash": "U3gGeMlDZXxCEiY4DwVLSacg+DFWCvoiX+JThA/rvw37Sqrku7sEFeVBBBMBnfB6FeZHsyDx85HlKL19x0HtZA==",
        "dependencies": {
          "Microsoft.NETCore.Platforms": "1.0.1",
          "Microsoft.NETCore.Targets": "1.0.1",
          "System.Runtime": "4.1.0"
        }
      },
      "System.Text.Encoding.Extensions": {
        "type": "Transitive",
        "resolved": "4.0.11",
        "contentHash": "jtbiTDtvfLYgXn8PTfWI+SiBs51rrmO4AAckx4KR6vFK9Wzf6tI8kcRdsYQNwriUeQ1+CtQbM1W4cMbLXnj/OQ==",
        "dependencies": {
          "Microsoft.NETCore.Platforms": "1.0.1",
          "Microsoft.NETCore.Targets": "1.0.1",
          "System.Runtime": "4.1.0",
          "System.Text.Encoding": "4.0.11"
        }
      },
      "System.Text.Encodings.Web": {
        "type": "Transitive",
        "resolved": "4.5.0",
        "contentHash": "Xg4G4Indi4dqP1iuAiMSwpiWS54ZghzR644OtsRCm/m/lBMG8dUBhLVN7hLm8NNrNTR+iGbshCPTwrvxZPlm4g=="
      },
      "System.Text.RegularExpressions": {
        "type": "Transitive",
        "resolved": "4.1.0",
        "contentHash": "i88YCXpRTjCnoSQZtdlHkAOx4KNNik4hMy83n0+Ftlb7jvV6ZiZWMpnEZHhjBp6hQVh8gWd/iKNPzlPF7iyA2g==",
        "dependencies": {
          "System.Collections": "4.0.11",
          "System.Globalization": "4.0.11",
          "System.Resources.ResourceManager": "4.0.1",
          "System.Runtime": "4.1.0",
          "System.Runtime.Extensions": "4.1.0",
          "System.Threading": "4.0.11"
        }
      },
      "System.Threading": {
        "type": "Transitive",
        "resolved": "4.0.11",
        "contentHash": "N+3xqIcg3VDKyjwwCGaZ9HawG9aC6cSDI+s7ROma310GQo8vilFZa86hqKppwTHleR/G0sfOzhvgnUxWCR/DrQ==",
        "dependencies": {
          "System.Runtime": "4.1.0",
          "System.Threading.Tasks": "4.0.11"
        }
      },
      "System.Threading.Tasks": {
        "type": "Transitive",
        "resolved": "4.0.11",
        "contentHash": "k1S4Gc6IGwtHGT8188RSeGaX86Qw/wnrgNLshJvsdNUOPP9etMmo8S07c+UlOAx4K/xLuN9ivA1bD0LVurtIxQ==",
        "dependencies": {
          "Microsoft.NETCore.Platforms": "1.0.1",
          "Microsoft.NETCore.Targets": "1.0.1",
          "System.Runtime": "4.1.0"
        }
      },
      "System.Threading.Tasks.Extensions": {
        "type": "Transitive",
        "resolved": "4.0.0",
        "contentHash": "pH4FZDsZQ/WmgJtN4LWYmRdJAEeVkyriSwrv2Teoe5FOU0Yxlb6II6GL8dBPOfRmutHGATduj3ooMt7dJ2+i+w==",
        "dependencies": {
          "System.Collections": "4.0.11",
          "System.Runtime": "4.1.0",
          "System.Threading.Tasks": "4.0.11"
        }
      },
      "System.Xml.ReaderWriter": {
        "type": "Transitive",
        "resolved": "4.0.11",
        "contentHash": "ZIiLPsf67YZ9zgr31vzrFaYQqxRPX9cVHjtPSnmx4eN6lbS/yEyYNr2vs1doGDEscF0tjCZFsk9yUg1sC9e8tg==",
        "dependencies": {
          "System.Collections": "4.0.11",
          "System.Diagnostics.Debug": "4.0.11",
          "System.Globalization": "4.0.11",
          "System.IO": "4.1.0",
          "System.IO.FileSystem": "4.0.1",
          "System.IO.FileSystem.Primitives": "4.0.1",
          "System.Resources.ResourceManager": "4.0.1",
          "System.Runtime": "4.1.0",
          "System.Runtime.Extensions": "4.1.0",
          "System.Runtime.InteropServices": "4.1.0",
          "System.Text.Encoding": "4.0.11",
          "System.Text.Encoding.Extensions": "4.0.11",
          "System.Text.RegularExpressions": "4.1.0",
          "System.Threading.Tasks": "4.0.11",
          "System.Threading.Tasks.Extensions": "4.0.0"
        }
      },
      "System.Xml.XDocument": {
        "type": "Transitive",
        "resolved": "4.0.11",
        "contentHash": "Mk2mKmPi0nWaoiYeotq1dgeNK1fqWh61+EK+w4Wu8SWuTYLzpUnschb59bJtGywaPq7SmTuPf44wrXRwbIrukg==",
        "dependencies": {
          "System.Collections": "4.0.11",
          "System.Diagnostics.Debug": "4.0.11",
          "System.Diagnostics.Tools": "4.0.1",
          "System.Globalization": "4.0.11",
          "System.IO": "4.1.0",
          "System.Reflection": "4.1.0",
          "System.Resources.ResourceManager": "4.0.1",
          "System.Runtime": "4.1.0",
          "System.Runtime.Extensions": "4.1.0",
          "System.Text.Encoding": "4.0.11",
          "System.Threading": "4.0.11",
          "System.Xml.ReaderWriter": "4.0.11"
        }
      },
      "xunit.abstractions": {
        "type": "Transitive",
        "resolved": "2.0.2",
        "contentHash": "vItLB0WkaKg0426RgWq+ZdXH6D+YV/uH28C0weWMOBnVx7I+luHuEYss9hoOngpkiN5kUpLvh9VZRx1H2sk59A=="
      },
      "xunit.analyzers": {
        "type": "Transitive",
        "resolved": "0.10.0",
        "contentHash": "4/IDFCJfIeg6bix9apmUtIMwvOsiwqdEexeO/R2D4GReIGPLIRODTpId/l4LRSrAJk9lEO3Zx1H0Zx6uohJDNg=="
      },
      "xunit.assert": {
        "type": "Transitive",
        "resolved": "2.4.0",
        "contentHash": "Swvkm6iTjZr8TiUj5vMnmfG+2dD4s/BIBgsVOzTxxmoq2ndGsmM2WIL4wuqJ8RhxydWIDOPpIaaytjT2pMTEdg=="
      },
      "xunit.core": {
        "type": "Transitive",
        "resolved": "2.4.0",
        "contentHash": "BJ/O/tPEcHUCwQYuwqXoYccTMyw6B5dA6yh7WxWWBhKbjqTsG9RWL0nCQXM5yQYJwUuFzBkiXDPN1BO6UdBB4Q==",
        "dependencies": {
          "xunit.extensibility.core": "[2.4.0]",
          "xunit.extensibility.execution": "[2.4.0]"
        }
      },
      "xunit.extensibility.core": {
        "type": "Transitive",
        "resolved": "2.4.0",
        "contentHash": "qr/KrR6uukHXD9e/lLQjyCPfMEDuvvhNFDzsYzCF2kKlYKiqcADfUvA9Q68rBtKFtwHFeghjWEuv15KoGD2SfA==",
        "dependencies": {
          "xunit.abstractions": "2.0.2"
        }
      },
      "xunit.extensibility.execution": {
        "type": "Transitive",
        "resolved": "2.4.0",
        "contentHash": "252Dzn7i5bMPKtAL15aOP3qJhxKd+57I8ldwIQRJa745JxQuiBu5Da0vtIISVTtc3buRSkBwVnD9iUzsEmCzZA==",
        "dependencies": {
          "xunit.extensibility.core": "[2.4.0]"
        }
      },
      "dotnetgrpcpoc": {
        "type": "Project",
        "dependencies": {
          "Grpc.AspNetCore": "2.32.0",
          "OpenTelemetry.Api": "0.7.0-beta.1",
          "OpenTelemetry.Exporter.Jaeger": "0.7.0-beta.1",
          "OpenTelemetry.Extensions.Hosting": "0.7.0-beta.1",
          "OpenTelemetry.Instrumentation.AspNetCore": "0.7.0-beta.1"
        }
      }
    }
  }
}