
Microsoft Visual Studio Solution File, Format Version 12.00
# Visual Studio 15
VisualStudioVersion = 15.0.26124.0
MinimumVisualStudioVersion = 15.0.26124.0
Project("{2150E333-8FDC-42A3-9474-1A3956D46DE8}") = "src", "src", "{4BA215BD-38A7-46B5-AF06-C3CB86D87E36}"
EndProject
Project("{FAE04EC0-301F-11D3-BF4B-00C04F79EFBC}") = "DotnetGrpcPoc", "src\DotnetGrpcPoc\DotnetGrpcPoc.csproj", "{20C1C48B-A592-4B90-ABC1-6120E1301AC9}"
EndProject
Project("{2150E333-8FDC-42A3-9474-1A3956D46DE8}") = "tests", "tests", "{CA14B03F-98A4-4889-8798-FD22DFB23F6B}"
EndProject
Project("{FAE04EC0-301F-11D3-BF4B-00C04F79EFBC}") = "DotnetGrpcPoc.Tests", "tests\DotnetGrpcPoc.Tests\DotnetGrpcPoc.Tests.csproj", "{BBE48844-4DE7-4DCA-82D2-28446754546D}"
EndProject
Global
	GlobalSection(SolutionConfigurationPlatforms) = preSolution
		Debug|Any CPU = Debug|Any CPU
		Debug|x64 = Debug|x64
		Debug|x86 = Debug|x86
		Release|Any CPU = Release|Any CPU
		Release|x64 = Release|x64
		Release|x86 = Release|x86
	EndGlobalSection
	GlobalSection(SolutionProperties) = preSolution
		HideSolutionNode = FALSE
	EndGlobalSection
	GlobalSection(ProjectConfigurationPlatforms) = postSolution
		{20C1C48B-A592-4B90-ABC1-6120E1301AC9}.Debug|Any CPU.ActiveCfg = Debug|Any CPU
		{20C1C48B-A592-4B90-ABC1-6120E1301AC9}.Debug|Any CPU.Build.0 = Debug|Any CPU
		{20C1C48B-A592-4B90-ABC1-6120E1301AC9}.Debug|x64.ActiveCfg = Debug|Any CPU
		{20C1C48B-A592-4B90-ABC1-6120E1301AC9}.Debug|x64.Build.0 = Debug|Any CPU
		{20C1C48B-A592-4B90-ABC1-6120E1301AC9}.Debug|x86.ActiveCfg = Debug|Any CPU
		{20C1C48B-A592-4B90-ABC1-6120E1301AC9}.Debug|x86.Build.0 = Debug|Any CPU
		{20C1C48B-A592-4B90-ABC1-6120E1301AC9}.Release|Any CPU.ActiveCfg = Release|Any CPU
		{20C1C48B-A592-4B90-ABC1-6120E1301AC9}.Release|Any CPU.Build.0 = Release|Any CPU
		{20C1C48B-A592-4B90-ABC1-6120E1301AC9}.Release|x64.ActiveCfg = Release|Any CPU
		{20C1C48B-A592-4B90-ABC1-6120E1301AC9}.Release|x64.Build.0 = Release|Any CPU
		{20C1C48B-A592-4B90-ABC1-6120E1301AC9}.Release|x86.ActiveCfg = Release|Any CPU
		{20C1C48B-A592-4B90-ABC1-6120E1301AC9}.Release|x86.Build.0 = Release|Any CPU
		{BBE48844-4DE7-4DCA-82D2-28446754546D}.Debug|Any CPU.ActiveCfg = Debug|Any CPU
		{BBE48844-4DE7-4DCA-82D2-28446754546D}.Debug|Any CPU.Build.0 = Debug|Any CPU
		{BBE48844-4DE7-4DCA-82D2-28446754546D}.Debug|x64.ActiveCfg = Debug|Any CPU
		{BBE48844-4DE7-4DCA-82D2-28446754546D}.Debug|x64.Build.0 = Debug|Any CPU
		{BBE48844-4DE7-4DCA-82D2-28446754546D}.Debug|x86.ActiveCfg = Debug|Any CPU
		{BBE48844-4DE7-4DCA-82D2-28446754546D}.Debug|x86.Build.0 = Debug|Any CPU
		{BBE48844-4DE7-4DCA-82D2-28446754546D}.Release|Any CPU.ActiveCfg = Release|Any CPU
		{BBE48844-4DE7-4DCA-82D2-28446754546D}.Release|Any CPU.Build.0 = Release|Any CPU
		{BBE48844-4DE7-4DCA-82D2-28446754546D}.Release|x64.ActiveCfg = Release|Any CPU
		{BBE48844-4DE7-4DCA-82D2-28446754546D}.Release|x64.Build.0 = Release|Any CPU
		{BBE48844-4DE7-4DCA-82D2-28446754546D}.Release|x86.ActiveCfg = Release|Any CPU
		{BBE48844-4DE7-4DCA-82D2-28446754546D}.Release|x86.Build.0 = Release|Any CPU
	EndGlobalSection
	GlobalSection(NestedProjects) = preSolution
		{20C1C48B-A592-4B90-ABC1-6120E1301AC9} = {4BA215BD-38A7-46B5-AF06-C3CB86D87E36}
		{BBE48844-4DE7-4DCA-82D2-28446754546D} = {CA14B03F-98A4-4889-8798-FD22DFB23F6B}
	EndGlobalSection
EndGlobal
