{
  "version": 1,
  "dependencies": {
    ".NETCoreApp,Version=v5.0": {
      "Grpc.AspNetCore": {
        "type": "Direct",
        "requested": "[2.34.0, )",
        "resolved": "2.34.0",
        "contentHash": "0KED45KfO2/pFgEpoEwmnYL4IrN+tHmYVav11A9iVHaM8d73ic2pchkUJjM9W4AYAGpXHlkfMYzkqwPWpP363w==",
        "dependencies": {
          "Google.Protobuf": "3.14.0",
          "Grpc.AspNetCore.Server.ClientFactory": "2.34.0",
          "Grpc.Tools": "2.34.0"
        }
      },
      "OpenTelemetry.Api": {
        "type": "Direct",
        "requested": "[1.0.0-rc1.50, )",
        "resolved": "1.0.0-rc1.50",
        "contentHash": "/L39162enmmkyO6kyeQnw3p7IIDiZzhgIQkBGZzGLKaRxlCzVjLUVkQ0x7xJYsqg17Lb3SyXnB6eQG0oT/S7qA==",
        "dependencies": {
          "System.Diagnostics.DiagnosticSource": "[5.0.0, 6.0.0)",
          "System.Reflection.Emit.Lightweight": "[4.7.0, 6.0.0)"
        }
      },
      "OpenTelemetry.Exporter.Jaeger": {
        "type": "Direct",
        "requested": "[1.0.0-rc1.50, )",
        "resolved": "1.0.0-rc1.50",
        "contentHash": "nZ7VOrwtFTjrQEkcNU1QxyrFsYAqroBCg5iktqtdOcclrOS3L3LK+Aq9nKt6FoK7JR6loj4U+pP6nzp2oprGLA==",
        "dependencies": {
          "OpenTelemetry": "1.0.0-rc1.50"
        }
      },
      "OpenTelemetry.Extensions.Hosting": {
        "type": "Direct",
        "requested": "[1.0.0-rc1.50, )",
        "resolved": "1.0.0-rc1.50",
        "contentHash": "8jltjlu54JpMuiFjMb9CAg7Y1s2klZTOWZtEQC/lWACZxKQgSeUy1korxZajdA0pvsU+7wunIxMYAKhEgR6h6g==",
        "dependencies": {
          "Microsoft.Extensions.Hosting.Abstractions": "[2.1.0, 6.0.0)",
          "OpenTelemetry": "1.0.0-rc1.50"
        }
      },
      "OpenTelemetry.Instrumentation.AspNetCore": {
        "type": "Direct",
        "requested": "[1.0.0-rc1.50, )",
        "resolved": "1.0.0-rc1.50",
        "contentHash": "CzoyOgT65awza6SK45A2KgVNAT9OYNuRSW5uza33nESH6fu+HTW7zVehQWX6bQu4DmSz6ORzaxgCu6ai9pRJEQ==",
        "dependencies": {
          "Microsoft.AspNetCore.Http.Abstractions": "[2.1.1, 6.0.0)",
          "Microsoft.AspNetCore.Http.Features": "[2.1.1, 6.0.0)",
          "OpenTelemetry": "1.0.0-rc1.50"
        }
      },
      "Google.Protobuf": {
        "type": "Transitive",
        "resolved": "3.14.0",
        "contentHash": "9AkodyGNmLI+wJJPbwpWLmh4BMHoXDQ9+8qvDPhQQi/BNsleqKMBn3OlyLwC6CALwan2kc5+Cenb8fJSITX3nQ==",
        "dependencies": {
          "System.Memory": "4.5.3",
          "System.Runtime.CompilerServices.Unsafe": "4.5.2"
        }
      },
      "Grpc.AspNetCore.Server": {
        "type": "Transitive",
        "resolved": "2.34.0",
        "contentHash": "V937xHNfIQM6X2dx8ManMK+xfkjmxwVfL/kWa+kZiLnf4E0VYd/A2ocrKDnn7EQk7SV2tkCD1+fUsG3qRsKNmQ==",
        "dependencies": {
          "Grpc.Net.Common": "2.34.0"
        }
      },
      "Grpc.AspNetCore.Server.ClientFactory": {
        "type": "Transitive",
        "resolved": "2.34.0",
        "contentHash": "4NsZNtnKXt+u2KSczhU7eI+QX/XEDPnMxUtqpeMPNuI38ZEwB9HEG5W2KZQzT6vVLa8VR2GBuY0DDwWyP5hWlg==",
        "dependencies": {
          "Grpc.AspNetCore.Server": "2.34.0",
          "Grpc.Net.ClientFactory": "2.34.0"
        }
      },
      "Grpc.Core.Api": {
        "type": "Transitive",
        "resolved": "2.34.0",
        "contentHash": "TfxhML3GDy9Lo7Qk5Nax1ySGXNwxZQ3znVeV2n5SRHZC6EVoRSRy0foPAKrSgmyvrGlCdfsH4E2EmaLvCkNI2w==",
        "dependencies": {
          "System.Memory": "4.5.3"
        }
      },
      "Grpc.Net.Client": {
        "type": "Transitive",
        "resolved": "2.34.0",
        "contentHash": "UJkhLPa80jR0G6VsZmmSbKQBsvmxKPY+N2UvN/cEWZXezboRoSyk8h4Yb3t/BEHsRkjNhMqw4UPpr2INUK1HlA==",
        "dependencies": {
          "Grpc.Net.Common": "2.34.0",
          "Microsoft.Extensions.Logging.Abstractions": "3.0.3",
          "System.Diagnostics.DiagnosticSource": "4.5.1"
        }
      },
      "Grpc.Net.ClientFactory": {
        "type": "Transitive",
        "resolved": "2.34.0",
        "contentHash": "RYMFSfucrjkrlikt0cDwh7qsxvxTIuVLHKrooqy7xoXkc0fqsXNzBHCYUqbvxiqUe0vl0mugsUGb9yZDEWQNIg==",
        "dependencies": {
          "Grpc.Net.Client": "2.34.0",
          "Microsoft.Extensions.Http": "3.0.3"
        }
      },
      "Grpc.Net.Common": {
        "type": "Transitive",
        "resolved": "2.34.0",
        "contentHash": "dxVKzogjSejTV0hGeL61fmw6BSzF5uW4PBDWnx8LJFn41drgIPIXOoCJVqSAZ39lkGjTZlxtcwV5Vy6zqTf5Gw==",
        "dependencies": {
          "Grpc.Core.Api": "2.34.0"
        }
      },
      "Grpc.Tools": {
        "type": "Transitive",
        "resolved": "2.34.0",
        "contentHash": "klDiY8Xv/VYxK4sLzqGRm3NOXf0IpCsM456g4175qWl/omg8h117Eqiq3ZtywtBAhyDLiLiJAhy9rb/tq9yvXQ=="
      },
      "Microsoft.AspNetCore.Http.Abstractions": {
        "type": "Transitive",
        "resolved": "2.1.1",
        "contentHash": "kQUEVOU4loc8CPSb2WoHFTESqwIa8Ik7ysCBfTwzHAd0moWovc9JQLmhDIHlYLjHbyexqZAlkq/FPRUZqokebw==",
        "dependencies": {
          "Microsoft.AspNetCore.Http.Features": "2.1.1",
          "System.Text.Encodings.Web": "4.5.0"
        }
      },
      "Microsoft.AspNetCore.Http.Features": {
        "type": "Transitive",
        "resolved": "2.1.1",
        "contentHash": "VklZ7hWgSvHBcDtwYYkdMdI/adlf7ebxTZ9kdzAhX+gUs5jSHE9mZlTamdgf9miSsxc1QjNazHXTDJdVPZKKTw==",
        "dependencies": {
          "Microsoft.Extensions.Primitives": "2.1.1"
        }
      },
      "Microsoft.Extensions.Configuration": {
        "type": "Transitive",
        "resolved": "3.0.3",
        "contentHash": "0F/MLd7yOSjhswQSFO6tkTREHxBffE/AS9gnvtx1jVFaKNdJPEj+2KOdREmYZ4Orpvf4nwXGwbRpX5SLlwIPEw==",
        "dependencies": {
          "Microsoft.Extensions.Configuration.Abstractions": "3.0.3"
        }
      },
      "Microsoft.Extensions.Configuration.Abstractions": {
        "type": "Transitive",
        "resolved": "3.0.3",
        "contentHash": "ND+ka7njp3HgVJCVn0YgpuxbFWBOCkcQaK+UBGJNseDhjz6I/qpXmCqLK+nXSzxU7cdscFWnUJS6wjEEEkMvSQ==",
        "dependencies": {
          "Microsoft.Extensions.Primitives": "3.0.3"
        }
      },
      "Microsoft.Extensions.Configuration.Binder": {
        "type": "Transitive",
        "resolved": "3.0.3",
        "contentHash": "hRmuReZgWqWqko4RXaGd/DP9L7380+HafHgbR5CMc7AZYmoLpUmeV8O8sgZqJONCbzg1q0Sz8U8Gy99eETpGPA==",
        "dependencies": {
          "Microsoft.Extensions.Configuration": "3.0.3"
        }
      },
      "Microsoft.Extensions.DependencyInjection": {
        "type": "Transitive",
        "resolved": "3.0.3",
        "contentHash": "Vu59TuHl3zoRI8vwK6gQL2EbWI2Qf/uBHFkSJXb4pgNvW7g8yK6Gn3v1bXDIKbMKEneTApriHfCVde0O314K+g==",
        "dependencies": {
          "Microsoft.Extensions.DependencyInjection.Abstractions": "3.0.3"
        }
      },
      "Microsoft.Extensions.DependencyInjection.Abstractions": {
        "type": "Transitive",
        "resolved": "3.0.3",
        "contentHash": "Wb1ejBzHhCvp7VMr+M7vlHoXb68mJ89IHj4L+TzL8yA+X7Iz2UTAEkl8aIbhRloroYJw5zvlIPtKF5uA4wFlxw=="
      },
      "Microsoft.Extensions.FileProviders.Abstractions": {
        "type": "Transitive",
        "resolved": "2.1.0",
        "contentHash": "itv+7XBu58pxi8mykxx9cUO1OOVYe0jmQIZVSZVp5lOcLxB7sSV2bnHiI1RSu6Nxne/s6+oBla3ON5CCMSmwhQ==",
        "dependencies": {
          "Microsoft.Extensions.Primitives": "2.1.0"
        }
      },
      "Microsoft.Extensions.Hosting.Abstractions": {
        "type": "Transitive",
        "resolved": "2.1.0",
        "contentHash": "BpMaoBxdXr5VD0yk7rYN6R8lAU9X9JbvsPveNdKT+llIn3J5s4sxpWqaSG/NnzTzTLU5eJE5nrecTl7clg/7dQ==",
        "dependencies": {
          "Microsoft.Extensions.Configuration.Abstractions": "2.1.0",
          "Microsoft.Extensions.DependencyInjection.Abstractions": "2.1.0",
          "Microsoft.Extensions.FileProviders.Abstractions": "2.1.0",
          "Microsoft.Extensions.Logging.Abstractions": "2.1.0"
        }
      },
      "Microsoft.Extensions.Http": {
        "type": "Transitive",
        "resolved": "3.0.3",
        "contentHash": "dcyB8szIcSynjVZRuFgqkZpPgTc5zeRSj1HMXSmNqWbHYKiPYJl8ZQgBHz6wmZNSUUNGpCs5uxUg8DZHHDC1Ew==",
        "dependencies": {
          "Microsoft.Extensions.DependencyInjection.Abstractions": "3.0.3",
          "Microsoft.Extensions.Logging": "3.0.3",
          "Microsoft.Extensions.Options": "3.0.3"
        }
      },
      "Microsoft.Extensions.Logging": {
        "type": "Transitive",
        "resolved": "3.0.3",
        "contentHash": "uAZppu6kWIgS+VtVjqmhh+k3bMztwWQR5HYxI++Cn5Kz5m099g0KJ+krUrckaZP9NqIplQu63tPR5YpNWnjLuw==",
        "dependencies": {
          "Microsoft.Extensions.Configuration.Binder": "3.0.3",
          "Microsoft.Extensions.DependencyInjection": "3.0.3",
          "Microsoft.Extensions.Logging.Abstractions": "3.0.3",
          "Microsoft.Extensions.Options": "3.0.3"
        }
      },
      "Microsoft.Extensions.Logging.Abstractions": {
        "type": "Transitive",
        "resolved": "3.0.3",
        "contentHash": "m2Jyi/MEn043WMI1I6J1ALuCThktZ93rd7eqzYeLmMcA0bdZC+TBVl0LuEbEWM01dWeeBjOoagjNwQTzOi2r6A=="
      },
      "Microsoft.Extensions.Logging.Configuration": {
        "type": "Transitive",
        "resolved": "2.1.0",
        "contentHash": "nMAcTACzW37zc3f7n5fIYsRDXtjjQA2U/kiE4xmuSLn7coCIeDfFTpUhJ+wG/3vwb5f1lFWNpyXGyQdlUCIXUw==",
        "dependencies": {
          "Microsoft.Extensions.Logging": "2.1.0",
          "Microsoft.Extensions.Options.ConfigurationExtensions": "2.1.0"
        }
      },
      "Microsoft.Extensions.Options": {
        "type": "Transitive",
        "resolved": "3.0.3",
        "contentHash": "cvP/w0kyT9TmrDPMY2ZHJBWx+gRH0jHKaJPkzN47UBpLLC4KbqVU5AoCMK47+ZChlINhqJX2WTflbLe5KufD/A==",
        "dependencies": {
          "Microsoft.Extensions.DependencyInjection.Abstractions": "3.0.3",
          "Microsoft.Extensions.Primitives": "3.0.3"
        }
      },
      "Microsoft.Extensions.Options.ConfigurationExtensions": {
        "type": "Transitive",
        "resolved": "2.1.0",
        "contentHash": "w/MP147fSqlIcCymaNpLbjdJsFVkSJM9Sz+jbWMr1gKMDVxoOS8AuFjJkVyKU/eydYxHIR/K1Hn3wisJBW5gSg==",
        "dependencies": {
          "Microsoft.Extensions.Configuration.Abstractions": "2.1.0",
          "Microsoft.Extensions.Configuration.Binder": "2.1.0",
          "Microsoft.Extensions.DependencyInjection.Abstractions": "2.1.0",
          "Microsoft.Extensions.Options": "2.1.0"
        }
      },
      "Microsoft.Extensions.Primitives": {
        "type": "Transitive",
        "resolved": "3.0.3",
        "contentHash": "eJuAFVIH9zUZ7j7tCSbJD+tS0dueENIerwoGxFL8RYqCmbEqQ7wVOG+mt2mZAbEpnMPsGl1Fc/HIhWpB9ftwhg=="
      },
      "OpenTelemetry": {
        "type": "Transitive",
        "resolved": "1.0.0-rc1.50",
        "contentHash": "tIWKjlD92iHbZNv6X2IfqQgmGvf33G1C9N+SFS/Mfqx3kWaUZ3Mn9hc9Cb+YIwTI6aDOvkDh40juDCRXPSp9QA==",
        "dependencies": {
          "Microsoft.Extensions.Logging": "[2.1.0, 6.0.0)",
          "Microsoft.Extensions.Logging.Configuration": "[2.1.0, 6.0.0)",
          "OpenTelemetry.Api": "1.0.0-rc1.50",
          "System.Collections.Immutable": "[1.4.0, 6.0.0)",
          "System.Reflection.Emit.Lightweight": "[4.7.0, 6.0.0)"
        }
      },
      "System.Collections.Immutable": {
        "type": "Transitive",
        "resolved": "1.4.0",
        "contentHash": "71hw5RUJRu5+q/geUY69gpXD8Upd12cH+F3MwpXV2zle7Bqqkrmc1JblOTuvUcgmdnUtQvBlV5e1d6RH+H2lvA=="
      },
      "System.Diagnostics.DiagnosticSource": {
        "type": "Transitive",
        "resolved": "5.0.0",
        "contentHash": "tCQTzPsGZh/A9LhhA6zrqCRV4hOHsK90/G7q3Khxmn6tnB1PuNU0cRaKANP2AWcF9bn0zsuOoZOSrHuJk6oNBA=="
      },
      "System.Memory": {
        "type": "Transitive",
        "resolved": "4.5.3",
        "contentHash": "3oDzvc/zzetpTKWMShs1AADwZjQ/36HnsufHRPcOjyRAAMLDlu2iD33MBI2opxnezcVUtXyqDXXjoFMOU9c7SA=="
      },
      "System.Reflection.Emit.Lightweight": {
        "type": "Transitive",
        "resolved": "4.7.0",
        "contentHash": "a4OLB4IITxAXJeV74MDx49Oq2+PsF6Sml54XAFv+2RyWwtDBcabzoxiiJRhdhx+gaohLh4hEGCLQyBozXoQPqA=="
      },
      "System.Runtime.CompilerServices.Unsafe": {
        "type": "Transitive",
        "resolved": "4.5.2",
        "contentHash": "wprSFgext8cwqymChhrBLu62LMg/1u92bU+VOwyfBimSPVFXtsNqEWC92Pf9ofzJFlk4IHmJA75EDJn1b2goAQ=="
      },
      "System.Text.Encodings.Web": {
        "type": "Transitive",
        "resolved": "4.5.0",
        "contentHash": "Xg4G4Indi4dqP1iuAiMSwpiWS54ZghzR644OtsRCm/m/lBMG8dUBhLVN7hLm8NNrNTR+iGbshCPTwrvxZPlm4g=="
      }
    }
  }
}